// !$*UTF8*$!
{
	archiveVersion = 1;
	classes = {
	};
	objectVersion = 77;
	objects = {

/* Begin PBXBuildFile section */
		9DB981ED2F1D351B00517E4F /* main.cpp in Sources */ = {isa = PBXBuildFile; fileRef = 9DB981EA2F1D351B00517E4F /* main.cpp */; };
/* End PBXBuildFile section */

/* Begin PBXCopyFilesBuildPhase section */
		9D41A50F2F1D33D400CD8AC2 /* CopyFiles */ = {
			isa = PBXCopyFilesBuildPhase;
			buildActionMask = 2147483647;
			dstPath = /usr/share/man/man1/;
			dstSubfolderSpec = 0;
			files = (
			);
			runOnlyForDeploymentPostprocessing = 1;
		};
/* End PBXCopyFilesBuildPhase section */

/* Begin PBXFileReference section */
		9D41A5112F1D33D400CD8AC2 /* SimpleECS */ = {isa = PBXFileReference; explicitFileType = "compiled.mach-o.executable"; includeInIndex = 0; path = SimpleECS; sourceTree = BUILT_PRODUCTS_DIR; };
		9DB981DF2F1D351B00517E4F /* Component.h */ = {isa = PBXFileReference; lastKnownFileType = sourcecode.c.h; path = Component.h; sourceTree = "<group>"; };
		9DB981E02F1D351B00517E4F /* ComponentArray.h */ = {isa = PBXFileReference; lastKnownFileType = sourcecode.c.h; path = ComponentArray.h; sourceTree = "<group>"; };
		9DB981E12F1D351B00517E4F /* ComponentManager.h */ = {isa = PBXFileReference; lastKnownFileType = sourcecode.c.h; path = ComponentManager.h; sourceTree = "<group>"; };
		9DB981E22F1D351B00517E4F /* IComponentArray.h */ = {isa = PBXFileReference; lastKnownFileType = sourcecode.c.h; path = IComponentArray.h; sourceTree = "<group>"; };
		9DB981E42F1D351B00517E4F /* Entity.h */ = {isa = PBXFileReference; lastKnownFileType = sourcecode.c.h; path = Entity.h; sourceTree = "<group>"; };
		9DB981E52F1D351B00517E4F /* EntityManager.h */ = {isa = PBXFileReference; lastKnownFileType = sourcecode.c.h; path = EntityManager.h; sourceTree = "<group>"; };
		9DB981E72F1D351B00517E4F /* System.h */ = {isa = PBXFileReference; lastKnownFileType = sourcecode.c.h; path = System.h; sourceTree = "<group>"; };
		9DB981E82F1D351B00517E4F /* SystemManager.h */ = {isa = PBXFileReference; lastKnownFileType = sourcecode.c.h; path = SystemManager.h; sourceTree = "<group>"; };
		9DB981EA2F1D351B00517E4F /* main.cpp */ = {isa = PBXFileReference; lastKnownFileType = sourcecode.cpp.cpp; path = main.cpp; sourceTree = "<group>"; };
		9DB981EB2F1D351B00517E4F /* World.h */ = {isa = PBXFileReference; lastKnownFileType = sourcecode.c.h; path = World.h; sourceTree = "<group>"; };
/* End PBXFileReference section */

/* Begin PBXFrameworksBuildPhase section */
		9D41A50E2F1D33D400CD8AC2 /* Frameworks */ = {
			isa = PBXFrameworksBuildPhase;
			buildActionMask = 2147483647;
			files = (
			);
			runOnlyForDeploymentPostprocessing = 0;
		};
/* End PBXFrameworksBuildPhase section */

/* Begin PBXGroup section */
		9D41A5082F1D33D400CD8AC2 = {
			isa = PBXGroup;
			children = (
				9D41A5122F1D33D400CD8AC2 /* Products */,
				9DB981EC2F1D351B00517E4F /* Source */,
			);
			sourceTree = "<group>";
		};
		9D41A5122F1D33D400CD8AC2 /* Products */ = {
			isa = PBXGroup;
			children = (
				9D41A5112F1D33D400CD8AC2 /* SimpleECS */,
			);
			name = Products;
			sourceTree = "<group>";
		};
		9DB981E32F1D351B00517E4F /* Component */ = {
			isa = PBXGroup;
			children = (
				9DB981DF2F1D351B00517E4F /* Component.h */,
				9DB981E02F1D351B00517E4F /* ComponentArray.h */,
				9DB981E12F1D351B00517E4F /* ComponentManager.h */,
				9DB981E22F1D351B00517E4F /* IComponentArray.h */,
			);
			path = Component;
			sourceTree = "<group>";
		};
		9DB981E62F1D351B00517E4F /* Entity */ = {
			isa = PBXGroup;
			children = (
				9DB981E42F1D351B00517E4F /* Entity.h */,
				9DB981E52F1D351B00517E4F /* EntityManager.h */,
			);
			path = Entity;
			sourceTree = "<group>";
		};
		9DB981E92F1D351B00517E4F /* System */ = {
			isa = PBXGroup;
			children = (
				9DB981E72F1D351B00517E4F /* System.h */,
				9DB981E82F1D351B00517E4F /* SystemManager.h */,
			);
			path = System;
			sourceTree = "<group>";
		};
		9DB981EC2F1D351B00517E4F /* Source */ = {
			isa = PBXGroup;
			children = (
				9DB981E32F1D351B00517E4F /* Component */,
				9DB981E62F1D351B00517E4F /* Entity */,
				9DB981E92F1D351B00517E4F /* System */,
				9DB981EA2F1D351B00517E4F /* main.cpp */,
				9DB981EB2F1D351B00517E4F /* World.h */,
			);
			name = Source;
			path = ../../Source;
			sourceTree = "<absolute>";
		};
/* End PBXGroup section */

/* Begin PBXNativeTarget section */
		9D41A5102F1D33D400CD8AC2 /* SimpleECS */ = {
			isa = PBXNativeTarget;
			buildConfigurationList = 9D41A5182F1D33D400CD8AC2 /* Build configuration list for PBXNativeTarget "SimpleECS" */;
			buildPhases = (
				9D41A50D2F1D33D400CD8AC2 /* Sources */,
				9D41A50E2F1D33D400CD8AC2 /* Frameworks */,
				9D41A50F2F1D33D400CD8AC2 /* CopyFiles */,
			);
			buildRules = (
			);
			dependencies = (
			);
			name = SimpleECS;
			packageProductDependencies = (
			);
			productName = SimpleECS;
			productReference = 9D41A5112F1D33D400CD8AC2 /* SimpleECS */;
			productType = "com.apple.product-type.tool";
		};
/* End PBXNativeTarget section */

/* Begin PBXProject section */
		9D41A5092F1D33D400CD8AC2 /* Project object */ = {
			isa = PBXProject;
			attributes = {
				BuildIndependentTargetsInParallel = 1;
				LastUpgradeCheck = 2620;
				TargetAttributes = {
					9D41A5102F1D33D400CD8AC2 = {
						CreatedOnToolsVersion = 26.2;
					};
				};
			};
			buildConfigurationList = 9D41A50C2F1D33D400CD8AC2 /* Build configuration list for PBXProject "SimpleECS" */;
			developmentRegion = en;
			hasScannedForEncodings = 0;
			knownRegions = (
				en,
				Base,
			);
			mainGroup = 9D41A5082F1D33D400CD8AC2;
			minimizedProjectReferenceProxies = 1;
			preferredProjectObjectVersion = 77;
			productRefGroup = 9D41A5122F1D33D400CD8AC2 /* Products */;
			projectDirPath = "";
			projectRoot = "";
			targets = (
				9D41A5102F1D33D400CD8AC2 /* SimpleECS */,
			);
		};
/* End PBXProject section */

/* Begin PBXSourcesBuildPhase section */
		9D41A50D2F1D33D400CD8AC2 /* Sources */ = {
			isa = PBXSourcesBuildPhase;
			buildActionMask = 2147483647;
			files = (
				9DB981ED2F1D351B00517E4F /* main.cpp in Sources */,
			);
			runOnlyForDeploymentPostprocessing = 0;
		};
/* End PBXSourcesBuildPhase section */

/* Begin XCBuildConfiguration section */
		9D41A5162F1D33D400CD8AC2 /* Debug */ = {
			isa = XCBuildConfiguration;
			buildSettings = {
				ALWAYS_SEARCH_USER_PATHS = NO;
				ASSETCATALOG_COMPILER_GENERATE_SWIFT_ASSET_SYMBOL_EXTENSIONS = YES;
				CLANG_ANALYZER_NONNULL = YES;
				CLANG_ANALYZER_NUMBER_OBJECT_CONVERSION = YES_AGGRESSIVE;
				CLANG_CXX_LANGUAGE_STANDARD = "gnu++20";
				CLANG_ENABLE_MODULES = YES;
				CLANG_ENABLE_OBJC_ARC = YES;
				CLANG_ENABLE_OBJC_WEAK = YES;
				CLANG_WARN_BLOCK_CAPTURE_AUTORELEASING = YES;
				CLANG_WARN_BOOL_CONVERSION = YES;
				CLANG_WARN_COMMA = YES;
				CLANG_WARN_CONSTANT_CONVERSION = YES;
				CLANG_WARN_DEPRECATED_OBJC_IMPLEMENTATIONS = YES;
				CLANG_WARN_DIRECT_OBJC_ISA_USAGE = YES_ERROR;
				CLANG_WARN_DOCUMENTATION_COMMENTS = YES;
				CLANG_WARN_EMPTY_BODY = YES;
				CLANG_WARN_ENUM_CONVERSION = YES;
				CLANG_WARN_INFINITE_RECURSION = YES;
				CLANG_WARN_INT_CONVERSION = YES;
				CLANG_WARN_NON_LITERAL_NULL_CONVERSION = YES;
				CLANG_WARN_OBJC_IMPLICIT_RETAIN_SELF = YES;
				CLANG_WARN_OBJC_LITERAL_CONVERSION = YES;
				CLANG_WARN_OBJC_ROOT_CLASS = YES_ERROR;
				CLANG_WARN_QUOTED_INCLUDE_IN_FRAMEWORK_HEADER = YES;
				CLANG_WARN_RANGE_LOOP_ANALYSIS = YES;
				CLANG_WARN_STRICT_PROTOTYPES = YES;
				CLANG_WARN_SUSPICIOUS_MOVE = YES;
				CLANG_WARN_UNGUARDED_AVAILABILITY = YES_AGGRESSIVE;
				CLANG_WARN_UNREACHABLE_CODE = YES;
				CLANG_WARN__DUPLICATE_METHOD_MATCH = YES;
				COPY_PHASE_STRIP = NO;
				DEBUG_INFORMATION_FORMAT = dwarf;
				ENABLE_STRICT_OBJC_MSGSEND = YES;
				ENABLE_TESTABILITY = YES;
				ENABLE_USER_SCRIPT_SANDBOXING = YES;
				GCC_C_LANGUAGE_STANDARD = gnu17;
				GCC_DYNAMIC_NO_PIC = NO;
				GCC_NO_COMMON_BLOCKS = YES;
				GCC_OPTIMIZATION_LEVEL = 0;
				GCC_PREPROCESSOR_DEFINITIONS = (
					"DEBUG=1",
					"$(inherited)",
				);
				GCC_WARN_64_TO_32_BIT_CONVERSION = YES;
				GCC_WARN_ABOUT_RETURN_TYPE = YES_ERROR;
				GCC_WARN_UNDECLARED_SELECTOR = YES;
				GCC_WARN_UNINITIALIZED_AUTOS = YES_AGGRESSIVE;
				GCC_WARN_UNUSED_FUNCTION = YES;
				GCC_WARN_UNUSED_VARIABLE = YES;
				LOCALIZATION_PREFERS_STRING_CATALOGS = YES;
				MACOSX_DEPLOYMENT_TARGET = 15.7;
				MTL_ENABLE_DEBUG_INFO = INCLUDE_SOURCE;
				MTL_FAST_MATH = YES;
				ONLY_ACTIVE_ARCH = YES;
				SDKROOT = macosx;
			};
			name = Debug;
		};
		9D41A5172F1D33D400CD8AC2 /* Release */ = {
			isa = XCBuildConfiguration;
			buildSettings = {
				ALWAYS_SEARCH_USER_PATHS = NO;
				ASSETCATALOG_COMPILER_GENERATE_SWIFT_ASSET_SYMBOL_EXTENSIONS = YES;
				CLANG_ANALYZER_NONNULL = YES;
				CLANG_ANALYZER_NUMBER_OBJECT_CONVERSION = YES_AGGRESSIVE;
				CLANG_CXX_LANGUAGE_STANDARD = "gnu++20";
				CLANG_ENABLE_MODULES = YES;
				CLANG_ENABLE_OBJC_ARC = YES;
				CLANG_ENABLE_OBJC_WEAK = YES;
				CLANG_WARN_BLOCK_CAPTURE_AUTORELEASING = YES;
				CLANG_WARN_BOOL_CONVERSION = YES;
				CLANG_WARN_COMMA = YES;
				CLANG_WARN_CONSTANT_CONVERSION = YES;
				CLANG_WARN_DEPRECATED_OBJC_IMPLEMENTATIONS = YES;
				CLANG_WARN_DIRECT_OBJC_ISA_USAGE = YES_ERROR;
				CLANG_WARN_DOCUMENTATION_COMMENTS = YES;
				CLANG_WARN_EMPTY_BODY = YES;
				CLANG_WARN_ENUM_CONVERSION = YES;
				CLANG_WARN_INFINITE_RECURSION = YES;
				CLANG_WARN_INT_CONVERSION = YES;
				CLANG_WARN_NON_LITERAL_NULL_CONVERSION = YES;
				CLANG_WARN_OBJC_IMPLICIT_RETAIN_SELF = YES;
				CLANG_WARN_OBJC_LITERAL_CONVERSION = YES;
				CLANG_WARN_OBJC_ROOT_CLASS = YES_ERROR;
				CLANG_WARN_QUOTED_INCLUDE_IN_FRAMEWORK_HEADER = YES;
				CLANG_WARN_RANGE_LOOP_ANALYSIS = YES;
				CLANG_WARN_STRICT_PROTOTYPES = YES;
				CLANG_WARN_SUSPICIOUS_MOVE = YES;
				CLANG_WARN_UNGUARDED_AVAILABILITY = YES_AGGRESSIVE;
				CLANG_WARN_UNREACHABLE_CODE = YES;
				CLANG_WARN__DUPLICATE_METHOD_MATCH = YES;
				COPY_PHASE_STRIP = NO;
				DEBUG_INFORMATION_FORMAT = "dwarf-with-dsym";
				ENABLE_NS_ASSERTIONS = NO;
				ENABLE_STRICT_OBJC_MSGSEND = YES;
				ENABLE_USER_SCRIPT_SANDBOXING = YES;
				GCC_C_LANGUAGE_STANDARD = gnu17;
				GCC_NO_COMMON_BLOCKS = YES;
				GCC_WARN_64_TO_32_BIT_CONVERSION = YES;
				GCC_WARN_ABOUT_RETURN_TYPE = YES_ERROR;
				GCC_WARN_UNDECLARED_SELECTOR = YES;
				GCC_WARN_UNINITIALIZED_AUTOS = YES_AGGRESSIVE;
				GCC_WARN_UNUSED_FUNCTION = YES;
				GCC_WARN_UNUSED_VARIABLE = YES;
				LOCALIZATION_PREFERS_STRING_CATALOGS = YES;
				MACOSX_DEPLOYMENT_TARGET = 15.7;
				MTL_ENABLE_DEBUG_INFO = NO;
				MTL_FAST_MATH = YES;
				SDKROOT = macosx;
			};
			name = Release;
		};
		9D41A5192F1D33D400CD8AC2 /* Debug */ = {
			isa = XCBuildConfiguration;
			buildSettings = {
				CODE_SIGN_STYLE = Automatic;
				PRODUCT_NAME = "$(TARGET_NAME)";
			};
			name = Debug;
		};
		9D41A51A2F1D33D400CD8AC2 /* Release */ = {
			isa = XCBuildConfiguration;
			buildSettings = {
				CODE_SIGN_STYLE = Automatic;
				PRODUCT_NAME = "$(TARGET_NAME)";
			};
			name = Release;
		};
/* End XCBuildConfiguration section */

/* Begin XCConfigurationList section */
		9D41A50C2F1D33D400CD8AC2 /* Build configuration list for PBXProject "SimpleECS" */ = {
			isa = XCConfigurationList;
			buildConfigurations = (
				9D41A5162F1D33D400CD8AC2 /* Debug */,
				9D41A5172F1D33D400CD8AC2 /* Release */,
			);
			defaultConfigurationIsVisible = 0;
			defaultConfigurationName = Release;
		};
		9D41A5182F1D33D400CD8AC2 /* Build configuration list for PBXNativeTarget "SimpleECS" */ = {
			isa = XCConfigurationList;
			buildConfigurations = (
				9D41A5192F1D33D400CD8AC2 /* Debug */,
				9D41A51A2F1D33D400CD8AC2 /* Release */,
			);
			defaultConfigurationIsVisible = 0;
			defaultConfigurationName = Release;
		};
/* End XCConfigurationList section */
	};
	rootObject = 9D41A5092F1D33D400CD8AC2 /* Project object */;
}
